
Microsoft Visual Studio Solution File, Format Version 12.00
# Visual Studio Version 17
VisualStudioVersion = 17.5.002.0
MinimumVisualStudioVersion = 10.0.40219.1
Project("{9A19103F-16F7-4668-BE54-9A1E7A4F7556}") = "Simulacro1", "Simulacro1.csproj", "{7D6A84BE-397E-4149-8AA3-37FC6C69199F}"
EndProject
Global
	GlobalSection(SolutionConfigurationPlatforms) = preSolution
		Debug|Any CPU = Debug|Any CPU
		Release|Any CPU = Release|Any CPU
	EndGlobalSection
	GlobalSection(ProjectConfigurationPlatforms) = postSolution
		{7D6A84BE-397E-4149-8AA3-37FC6C69199F}.Debug|Any CPU.ActiveCfg = Debug|Any CPU
		{7D6A84BE-397E-4149-8AA3-37FC6C69199F}.Debug|Any CPU.Build.0 = Debug|Any CPU
		{7D6A84BE-397E-4149-8AA3-37FC6C69199F}.Release|Any CPU.ActiveCfg = Release|Any CPU
		{7D6A84BE-397E-4149-8AA3-37FC6C69199F}.Release|Any CPU.Build.0 = Release|Any CPU
	EndGlobalSection
	GlobalSection(SolutionProperties) = preSolution
		HideSolutionNode = FALSE
	EndGlobalSection
	GlobalSection(ExtensibilityGlobals) = postSolution
		SolutionGuid = {C7A60BAD-9A4B-4EE0-9016-ED5AAFCD5727}
	EndGlobalSection
EndGlobal
